// !$*UTF8*$!
{
	archiveVersion = 1;
	classes = {
	};
	objectVersion = 46;
	objects = {

/* Begin PBXBuildFile section */
		4CF2DB131CB605FF00618A03 /* AppDelegate.swift in Sources */ = {isa = PBXBuildFile; fileRef = 4CF2DB121CB605FF00618A03 /* AppDelegate.swift */; };
		4CF2DB151CB605FF00618A03 /* ViewController.swift in Sources */ = {isa = PBXBuildFile; fileRef = 4CF2DB141CB605FF00618A03 /* ViewController.swift */; };
		4CF2DB181CB605FF00618A03 /* Main.storyboard in Resources */ = {isa = PBXBuildFile; fileRef = 4CF2DB161CB605FF00618A03 /* Main.storyboard */; };
		4CF2DB1A1CB605FF00618A03 /* Assets.xcassets in Resources */ = {isa = PBXBuildFile; fileRef = 4CF2DB191CB605FF00618A03 /* Assets.xcassets */; };
		4CF2DB1D1CB605FF00618A03 /* LaunchScreen.storyboard in Resources */ = {isa = PBXBuildFile; fileRef = 4CF2DB1B1CB605FF00618A03 /* LaunchScreen.storyboard */; };
/* End PBXBuildFile section */

/* Begin PBXFileReference section */
		4CF2DB0F1CB605FF00618A03 /* pokedex-test.app */ = {isa = PBXFileReference; explicitFileType = wrapper.application; includeInIndex = 0; path = "pokedex-test.app"; sourceTree = BUILT_PRODUCTS_DIR; };
		4CF2DB121CB605FF00618A03 /* AppDelegate.swift */ = {isa = PBXFileReference; lastKnownFileType = sourcecode.swift; path = AppDelegate.swift; sourceTree = "<group>"; };
		4CF2DB141CB605FF00618A03 /* ViewController.swift */ = {isa = PBXFileReference; lastKnownFileType = sourcecode.swift; path = ViewController.swift; sourceTree = "<group>"; };
		4CF2DB171CB605FF00618A03 /* Base */ = {isa = PBXFileReference; lastKnownFileType = file.storyboard; name = Base; path = Base.lproj/Main.storyboard; sourceTree = "<group>"; };
		4CF2DB191CB605FF00618A03 /* Assets.xcassets */ = {isa = PBXFileReference; lastKnownFileType = folder.assetcatalog; path = Assets.xcassets; sourceTree = "<group>"; };
		4CF2DB1C1CB605FF00618A03 /* Base */ = {isa = PBXFileReference; lastKnownFileType = file.storyboard; name = Base; path = Base.lproj/LaunchScreen.storyboard; sourceTree = "<group>"; };
		4CF2DB1E1CB605FF00618A03 /* Info.plist */ = {isa = PBXFileReference; lastKnownFileType = text.plist.xml; path = Info.plist; sourceTree = "<group>"; };
/* End PBXFileReference section */

/* Begin PBXFrameworksBuildPhase section */
		4CF2DB0C1CB605FF00618A03 /* Frameworks */ = {
			isa = PBXFrameworksBuildPhase;
			buildActionMask = 2147483647;
			files = (
			);
			runOnlyForDeploymentPostprocessing = 0;
		};
/* End PBXFrameworksBuildPhase section */

/* Begin PBXGroup section */
		4CF2DB061CB605FF00618A03 = {
			isa = PBXGroup;
			children = (
				4CF2DB111CB605FF00618A03 /* pokedex-test */,
				4CF2DB101CB605FF00618A03 /* Products */,
			);
			sourceTree = "<group>";
		};
		4CF2DB101CB605FF00618A03 /* Products */ = {
			isa = PBXGroup;
			children = (
				4CF2DB0F1CB605FF00618A03 /* pokedex-test.app */,
			);
			name = Products;
			sourceTree = "<group>";
		};
		4CF2DB111CB605FF00618A03 /* pokedex-test */ = {
			isa = PBXGroup;
			children = (
				4CF2DB121CB605FF00618A03 /* AppDelegate.swift */,
				4CF2DB141CB605FF00618A03 /* ViewController.swift */,
				4CF2DB161CB605FF00618A03 /* Main.storyboard */,
				4CF2DB191CB605FF00618A03 /* Assets.xcassets */,
				4CF2DB1B1CB605FF00618A03 /* LaunchScreen.storyboard */,
				4CF2DB1E1CB605FF00618A03 /* Info.plist */,
			);
			path = "pokedex-test";
			sourceTree = "<group>";
		};
/* End PBXGroup section */

/* Begin PBXNativeTarget section */
		4CF2DB0E1CB605FF00618A03 /* pokedex-test */ = {
			isa = PBXNativeTarget;
			buildConfigurationList = 4CF2DB211CB605FF00618A03 /* Build configuration list for PBXNativeTarget "pokedex-test" */;
			buildPhases = (
				4CF2DB0B1CB605FF00618A03 /* Sources */,
				4CF2DB0C1CB605FF00618A03 /* Frameworks */,
				4CF2DB0D1CB605FF00618A03 /* Resources */,
			);
			buildRules = (
			);
			dependencies = (
			);
			name = "pokedex-test";
			productName = "pokedex-test";
			productReference = 4CF2DB0F1CB605FF00618A03 /* pokedex-test.app */;
			productType = "com.apple.product-type.application";
		};
/* End PBXNativeTarget section */

/* Begin PBXProject section */
		4CF2DB071CB605FF00618A03 /* Project object */ = {
			isa = PBXProject;
			attributes = {
				LastSwiftUpdateCheck = 0730;
				LastUpgradeCheck = 0730;
				ORGANIZATIONNAME = equiltech;
				TargetAttributes = {
					4CF2DB0E1CB605FF00618A03 = {
						CreatedOnToolsVersion = 7.3;
					};
				};
			};
			buildConfigurationList = 4CF2DB0A1CB605FF00618A03 /* Build configuration list for PBXProject "pokedex-test" */;
			compatibilityVersion = "Xcode 3.2";
			developmentRegion = English;
			hasScannedForEncodings = 0;
			knownRegions = (
				en,
				Base,
			);
			mainGroup = 4CF2DB061CB605FF00618A03;
			productRefGroup = 4CF2DB101CB605FF00618A03 /* Products */;
			projectDirPath = "";
			projectRoot = "";
			targets = (
				4CF2DB0E1CB605FF00618A03 /* pokedex-test */,
			);
		};
/* End PBXProject section */

/* Begin PBXResourcesBuildPhase section */
		4CF2DB0D1CB605FF00618A03 /* Resources */ = {
			isa = PBXResourcesBuildPhase;
			buildActionMask = 2147483647;
			files = (
				4CF2DB1D1CB605FF00618A03 /* LaunchScreen.storyboard in Resources */,
				4CF2DB1A1CB605FF00618A03 /* Assets.xcassets in Resources */,
				4CF2DB181CB605FF00618A03 /* Main.storyboard in Resources */,
			);
			runOnlyForDeploymentPostprocessing = 0;
		};
/* End PBXResourcesBuildPhase section */

/* Begin PBXSourcesBuildPhase section */
		4CF2DB0B1CB605FF00618A03 /* Sources */ = {
			isa = PBXSourcesBuildPhase;
			buildActionMask = 2147483647;
			files = (
				4CF2DB151CB605FF00618A03 /* ViewController.swift in Sources */,
				4CF2DB131CB605FF00618A03 /* AppDelegate.swift in Sources */,
			);
			runOnlyForDeploymentPostprocessing = 0;
		};
/* End PBXSourcesBuildPhase section */

/* Begin PBXVariantGroup section */
		4CF2DB161CB605FF00618A03 /* Main.storyboard */ = {
			isa = PBXVariantGroup;
			children = (
				4CF2DB171CB605FF00618A03 /* Base */,
			);
			name = Main.storyboard;
			sourceTree = "<group>";
		};
		4CF2DB1B1CB605FF00618A03 /* LaunchScreen.storyboard */ = {
			isa = PBXVariantGroup;
			children = (
				4CF2DB1C1CB605FF00618A03 /* Base */,
			);
			name = LaunchScreen.storyboard;
			sourceTree = "<group>";
		};
/* End PBXVariantGroup section */

/* Begin XCBuildConfiguration section */
		4CF2DB1F1CB605FF00618A03 /* Debug */ = {
			isa = XCBuildConfiguration;
			buildSettings = {
				ALWAYS_SEARCH_USER_PATHS = NO;
				CLANG_ANALYZER_NONNULL = YES;
				CLANG_CXX_LANGUAGE_STANDARD = "gnu++0x";
				CLANG_CXX_LIBRARY = "libc++";
				CLANG_ENABLE_MODULES = YES;
				CLANG_ENABLE_OBJC_ARC = YES;
				CLANG_WARN_BOOL_CONVERSION = YES;
				CLANG_WARN_CONSTANT_CONVERSION = YES;
				CLANG_WARN_DIRECT_OBJC_ISA_USAGE = YES_ERROR;
				CLANG_WARN_EMPTY_BODY = YES;
				CLANG_WARN_ENUM_CONVERSION = YES;
				CLANG_WARN_INT_CONVERSION = YES;
				CLANG_WARN_OBJC_ROOT_CLASS = YES_ERROR;
				CLANG_WARN_UNREACHABLE_CODE = YES;
				CLANG_WARN__DUPLICATE_METHOD_MATCH = YES;
				"CODE_SIGN_IDENTITY[sdk=iphoneos*]" = "iPhone Developer";
				COPY_PHASE_STRIP = NO;
				DEBUG_INFORMATION_FORMAT = dwarf;
				ENABLE_STRICT_OBJC_MSGSEND = YES;
				ENABLE_TESTABILITY = YES;
				GCC_C_LANGUAGE_STANDARD = gnu99;
				GCC_DYNAMIC_NO_PIC = NO;
				GCC_NO_COMMON_BLOCKS = YES;
				GCC_OPTIMIZATION_LEVEL = 0;
				GCC_PREPROCESSOR_DEFINITIONS = (
					"DEBUG=1",
					"$(inherited)",
				);
				GCC_WARN_64_TO_32_BIT_CONVERSION = YES;
				GCC_WARN_ABOUT_RETURN_TYPE = YES_ERROR;
				GCC_WARN_UNDECLARED_SELECTOR = YES;
				GCC_WARN_UNINITIALIZED_AUTOS = YES_AGGRESSIVE;
				GCC_WARN_UNUSED_FUNCTION = YES;
				GCC_WARN_UNUSED_VARIABLE = YES;
				IPHONEOS_DEPLOYMENT_TARGET = 9.3;
				MTL_ENABLE_DEBUG_INFO = YES;
				ONLY_ACTIVE_ARCH = YES;
				SDKROOT = iphoneos;
				SWIFT_OPTIMIZATION_LEVEL = "-Onone";
				TARGETED_DEVICE_FAMILY = "1,2";
			};
			name = Debug;
		};
		4CF2DB201CB605FF00618A03 /* Release */ = {
			isa = XCBuildConfiguration;
			buildSettings = {
				ALWAYS_SEARCH_USER_PATHS = NO;
				CLANG_ANALYZER_NONNULL = YES;
				CLANG_CXX_LANGUAGE_STANDARD = "gnu++0x";
				CLANG_CXX_LIBRARY = "libc++";
				CLANG_ENABLE_MODULES = YES;
				CLANG_ENABLE_OBJC_ARC = YES;
				CLANG_WARN_BOOL_CONVERSION = YES;
				CLANG_WARN_CONSTANT_CONVERSION = YES;
				CLANG_WARN_DIRECT_OBJC_ISA_USAGE = YES_ERROR;
				CLANG_WARN_EMPTY_BODY = YES;
				CLANG_WARN_ENUM_CONVERSION = YES;
				CLANG_WARN_INT_CONVERSION = YES;
				CLANG_WARN_OBJC_ROOT_CLASS = YES_ERROR;
				CLANG_WARN_UNREACHABLE_CODE = YES;
				CLANG_WARN__DUPLICATE_METHOD_MATCH = YES;
				"CODE_SIGN_IDENTITY[sdk=iphoneos*]" = "iPhone Developer";
				COPY_PHASE_STRIP = NO;
				DEBUG_INFORMATION_FORMAT = "dwarf-with-dsym";
				ENABLE_NS_ASSERTIONS = NO;
				ENABLE_STRICT_OBJC_MSGSEND = YES;
				GCC_C_LANGUAGE_STANDARD = gnu99;
				GCC_NO_COMMON_BLOCKS = YES;
				GCC_WARN_64_TO_32_BIT_CONVERSION = YES;
				GCC_WARN_ABOUT_RETURN_TYPE = YES_ERROR;
				GCC_WARN_UNDECLARED_SELECTOR = YES;
				GCC_WARN_UNINITIALIZED_AUTOS = YES_AGGRESSIVE;
				GCC_WARN_UNUSED_FUNCTION = YES;
				GCC_WARN_UNUSED_VARIABLE = YES;
				IPHONEOS_DEPLOYMENT_TARGET = 9.3;
				MTL_ENABLE_DEBUG_INFO = NO;
				SDKROOT = iphoneos;
				TARGETED_DEVICE_FAMILY = "1,2";
				VALIDATE_PRODUCT = YES;
			};
			name = Release;
		};
		4CF2DB221CB605FF00618A03 /* Debug */ = {
			isa = XCBuildConfiguration;
			buildSettings = {
				ASSETCATALOG_COMPILER_APPICON_NAME = AppIcon;
				INFOPLIST_FILE = "pokedex-test/Info.plist";
				LD_RUNPATH_SEARCH_PATHS = "$(inherited) @executable_path/Frameworks";
				PRODUCT_BUNDLE_IDENTIFIER = "com.equiltech.pokedex-test";
				PRODUCT_NAME = "$(TARGET_NAME)";
			};
			name = Debug;
		};
		4CF2DB231CB605FF00618A03 /* Release */ = {
			isa = XCBuildConfiguration;
			buildSettings = {
				ASSETCATALOG_COMPILER_APPICON_NAME = AppIcon;
				INFOPLIST_FILE = "pokedex-test/Info.plist";
				LD_RUNPATH_SEARCH_PATHS = "$(inherited) @executable_path/Frameworks";
				PRODUCT_BUNDLE_IDENTIFIER = "com.equiltech.pokedex-test";
				PRODUCT_NAME = "$(TARGET_NAME)";
			};
			name = Release;
		};
/* End XCBuildConfiguration section */

/* Begin XCConfigurationList section */
		4CF2DB0A1CB605FF00618A03 /* Build configuration list for PBXProject "pokedex-test" */ = {
			isa = XCConfigurationList;
			buildConfigurations = (
				4CF2DB1F1CB605FF00618A03 /* Debug */,
				4CF2DB201CB605FF00618A03 /* Release */,
			);
			defaultConfigurationIsVisible = 0;
			defaultConfigurationName = Release;
		};
		4CF2DB211CB605FF00618A03 /* Build configuration list for PBXNativeTarget "pokedex-test" */ = {
			isa = XCConfigurationList;
			buildConfigurations = (
				4CF2DB221CB605FF00618A03 /* Debug */,
				4CF2DB231CB605FF00618A03 /* Release */,
			);
			defaultConfigurationIsVisible = 0;
		};
/* End XCConfigurationList section */
	};
	rootObject = 4CF2DB071CB605FF00618A03 /* Project object */;
}
